// !$*UTF8*$!
{
	archiveVersion = 1;
	classes = {
	};
	objectVersion = 54;
	objects = {

/* Begin PBXBuildFile section */
		0C44A71A2518EF8000B570ED /* decrypt.swift in Sources */ = {isa = PBXBuildFile; fileRef = 0C44A7192518EF8000B570ED /* decrypt.swift */; };
		0C50DFB92BF3CB56002B0EB3 /* MoneroWallet.framework in CopyFiles */ = {isa = PBXBuildFile; fileRef = 0C50DFB82BF3CB56002B0EB3 /* MoneroWallet.framework */; settings = {ATTRIBUTES = (CodeSignOnCopy, RemoveHeadersOnCopy, ); }; };
		0C9D68C9264854B60011B691 /* secRandom.swift in Sources */ = {isa = PBXBuildFile; fileRef = 0C9D68C8264854B60011B691 /* secRandom.swift */; };
		1498D2341E8E89220040F4C2 /* GeneratedPluginRegistrant.m in Sources */ = {isa = PBXBuildFile; fileRef = 1498D2331E8E89220040F4C2 /* GeneratedPluginRegistrant.m */; };
		2193F104374FA2746CE8945B /* ResourceHelper.swift in Resources */ = {isa = PBXBuildFile; fileRef = 78D25C60B94E9D9E48D52E5E /* ResourceHelper.swift */; settings = {ASSET_TAGS = (BreezSDK, ); }; };
		3B3967161E833CAA004F5970 /* AppFrameworkInfo.plist in Resources */ = {isa = PBXBuildFile; fileRef = 3B3967151E833CAA004F5970 /* AppFrameworkInfo.plist */; };
		495FEFF9B395392FED3425DE /* TaskProtocol.swift in Resources */ = {isa = PBXBuildFile; fileRef = 0F42D8065219E0653321EE2B /* TaskProtocol.swift */; settings = {ASSET_TAGS = (BreezSDK, ); }; };
		525A2200C6C2A43EDC5C8FC5 /* BreezSDKConnector.swift in Resources */ = {isa = PBXBuildFile; fileRef = 1FB06A93B13D606F06B3924D /* BreezSDKConnector.swift */; settings = {ASSET_TAGS = (BreezSDK, ); }; };
		6909E1D79C9986ADF2DE41E9 /* LnurlPayInvoice.swift in Resources */ = {isa = PBXBuildFile; fileRef = DCEA540E3586164FB47AD13E /* LnurlPayInvoice.swift */; settings = {ASSET_TAGS = (BreezSDK, ); }; };
		724FDA327BF191BC29DCAA2E /* Constants.swift in Resources */ = {isa = PBXBuildFile; fileRef = 0CCA7ADAD6FF9185EBBB2BCA /* Constants.swift */; settings = {ASSET_TAGS = (BreezSDK, ); }; };
		73138617307FA4F838D21D62 /* ServiceLogger.swift in Resources */ = {isa = PBXBuildFile; fileRef = F42258C3697CFE3C8C8D1933 /* ServiceLogger.swift */; settings = {ASSET_TAGS = (BreezSDK, ); }; };
		74858FAF1ED2DC5600515810 /* AppDelegate.swift in Sources */ = {isa = PBXBuildFile; fileRef = 74858FAE1ED2DC5600515810 /* AppDelegate.swift */; };
		8B1F4FCAA5EB9F3A83D32D5F /* Pods_Runner.framework in Frameworks */ = {isa = PBXBuildFile; fileRef = D7CD6B6020744E8FA471915D /* Pods_Runner.framework */; };
		97C146FC1CF9000F007C117D /* Main.storyboard in Resources */ = {isa = PBXBuildFile; fileRef = 97C146FA1CF9000F007C117D /* Main.storyboard */; };
		97C146FE1CF9000F007C117D /* Assets.xcassets in Resources */ = {isa = PBXBuildFile; fileRef = 97C146FD1CF9000F007C117D /* Assets.xcassets */; };
		97C147011CF9000F007C117D /* LaunchScreen.storyboard in Resources */ = {isa = PBXBuildFile; fileRef = 97C146FF1CF9000F007C117D /* LaunchScreen.storyboard */; };
		9F46EE5E2BC11178009318F5 /* PrivacyInfo.xcprivacy in Resources */ = {isa = PBXBuildFile; fileRef = 9F46EE5D2BC11178009318F5 /* PrivacyInfo.xcprivacy */; };
		A1B4A70C9CFA13AB71662216 /* LnurlPay.swift in Resources */ = {isa = PBXBuildFile; fileRef = 7D3364C03978A8A74B6D586E /* LnurlPay.swift */; settings = {ASSET_TAGS = (BreezSDK, ); }; };
		A3D5E17CC53DF13FA740DEFA /* RedeemSwap.swift in Resources */ = {isa = PBXBuildFile; fileRef = 9D2F2C9F2555316C95EE7EA3 /* RedeemSwap.swift */; settings = {ASSET_TAGS = (BreezSDK, ); }; };
		B6C6E59403ACDE44724C12F4 /* ServiceConfig.swift in Resources */ = {isa = PBXBuildFile; fileRef = B3D5E78267F5F18D882FDC3B /* ServiceConfig.swift */; settings = {ASSET_TAGS = (BreezSDK, ); }; };
		CE291CFE2C15DB9A00B9F709 /* WowneroWallet.framework in CopyFiles */ = {isa = PBXBuildFile; fileRef = CE291CFD2C15DB9A00B9F709 /* WowneroWallet.framework */; settings = {ATTRIBUTES = (CodeSignOnCopy, RemoveHeadersOnCopy, ); }; };
		CEA883682D43BE4500278CD3 /* ZanoWallet.framework in CopyFiles */ = {isa = PBXBuildFile; fileRef = CEB6D62E2D43BB78002C6DBC /* ZanoWallet.framework */; settings = {ATTRIBUTES = (CodeSignOnCopy, RemoveHeadersOnCopy, ); }; };
		CEAFE4A02C53926F009FF3AD /* libresolv.tbd in Frameworks */ = {isa = PBXBuildFile; fileRef = C58D93382C00FAC6004BCF69 /* libresolv.tbd */; };
		CFEFC24F82F78FE747DF1D22 /* LnurlPayInfo.swift in Resources */ = {isa = PBXBuildFile; fileRef = 58C22CBD8C22B9D6023D59F8 /* LnurlPayInfo.swift */; settings = {ASSET_TAGS = (BreezSDK, ); }; };
		D0D7A0D4E13F31C4E02E235B /* ReceivePayment.swift in Resources */ = {isa = PBXBuildFile; fileRef = 91C524F800843E0A3F17E004 /* ReceivePayment.swift */; settings = {ASSET_TAGS = (BreezSDK, ); }; };
		D3AD73A327249AFE8F016A51 /* BreezSDK.swift in Resources */ = {isa = PBXBuildFile; fileRef = ABD6FCBB0F4244B090459128 /* BreezSDK.swift */; settings = {ASSET_TAGS = (BreezSDK, ); }; };
		F5EE19868D6F10D814BF73AD /* SDKNotificationService.swift in Resources */ = {isa = PBXBuildFile; fileRef = 41102141140E57B1DC27FBA1 /* SDKNotificationService.swift */; settings = {ASSET_TAGS = (BreezSDK, ); }; };
/* End PBXBuildFile section */

/* Begin PBXCopyFilesBuildPhase section */
		CE5E8A222BEE19C700608EA1 /* CopyFiles */ = {
			isa = PBXCopyFilesBuildPhase;
			buildActionMask = 2147483647;
			dstPath = "";
			dstSubfolderSpec = 10;
			files = (
				CE291CFE2C15DB9A00B9F709 /* WowneroWallet.framework in CopyFiles */,
				0C50DFB92BF3CB56002B0EB3 /* MoneroWallet.framework in CopyFiles */,
				CEA883682D43BE4500278CD3 /* ZanoWallet.framework in CopyFiles */,
			);
			runOnlyForDeploymentPostprocessing = 0;
		};
/* End PBXCopyFilesBuildPhase section */

/* Begin PBXFileReference section */
		014D7E4DBCFD76DDE652A4D9 /* Pods-Runner.debug.xcconfig */ = {isa = PBXFileReference; includeInIndex = 1; lastKnownFileType = text.xcconfig; name = "Pods-Runner.debug.xcconfig"; path = "Target Support Files/Pods-Runner/Pods-Runner.debug.xcconfig"; sourceTree = "<group>"; };
		0C400E0F25B21ABB0025E469 /* Runner.entitlements */ = {isa = PBXFileReference; lastKnownFileType = text.plist.entitlements; path = Runner.entitlements; sourceTree = "<group>"; };
		0C44A7192518EF8000B570ED /* decrypt.swift */ = {isa = PBXFileReference; lastKnownFileType = sourcecode.swift; path = decrypt.swift; sourceTree = "<group>"; };
		0C50DFB82BF3CB56002B0EB3 /* MoneroWallet.framework */ = {isa = PBXFileReference; lastKnownFileType = wrapper.framework; path = MoneroWallet.framework; sourceTree = "<group>"; };
		0C9986A3251A932F00D566FD /* CryptoSwift.framework */ = {isa = PBXFileReference; explicitFileType = wrapper.framework; path = CryptoSwift.framework; sourceTree = BUILT_PRODUCTS_DIR; };
		0C9D68C8264854B60011B691 /* secRandom.swift */ = {isa = PBXFileReference; lastKnownFileType = sourcecode.swift; path = secRandom.swift; sourceTree = "<group>"; };
		0CCA7ADAD6FF9185EBBB2BCA /* Constants.swift */ = {isa = PBXFileReference; includeInIndex = 1; lastKnownFileType = sourcecode.swift; name = Constants.swift; path = "../.symlinks/plugins/breez_sdk/ios/bindings-swift/Sources/BreezSDK/Constants.swift"; sourceTree = "<group>"; };
		0F42D8065219E0653321EE2B /* TaskProtocol.swift */ = {isa = PBXFileReference; includeInIndex = 1; lastKnownFileType = sourcecode.swift; name = TaskProtocol.swift; path = "../.symlinks/plugins/breez_sdk/ios/bindings-swift/Sources/BreezSDK/TaskProtocol.swift"; sourceTree = "<group>"; };
		1498D2321E8E86230040F4C2 /* GeneratedPluginRegistrant.h */ = {isa = PBXFileReference; lastKnownFileType = sourcecode.c.h; path = GeneratedPluginRegistrant.h; sourceTree = "<group>"; };
		1498D2331E8E89220040F4C2 /* GeneratedPluginRegistrant.m */ = {isa = PBXFileReference; fileEncoding = 4; lastKnownFileType = sourcecode.c.objc; path = GeneratedPluginRegistrant.m; sourceTree = "<group>"; };
		1FB06A93B13D606F06B3924D /* BreezSDKConnector.swift */ = {isa = PBXFileReference; includeInIndex = 1; lastKnownFileType = sourcecode.swift; name = BreezSDKConnector.swift; path = "../.symlinks/plugins/breez_sdk/ios/bindings-swift/Sources/BreezSDK/BreezSDKConnector.swift"; sourceTree = "<group>"; };
		28F61114229803070973270D /* Pods-Runner.release.xcconfig */ = {isa = PBXFileReference; includeInIndex = 1; lastKnownFileType = text.xcconfig; name = "Pods-Runner.release.xcconfig"; path = "Target Support Files/Pods-Runner/Pods-Runner.release.xcconfig"; sourceTree = "<group>"; };
		3B3967151E833CAA004F5970 /* AppFrameworkInfo.plist */ = {isa = PBXFileReference; fileEncoding = 4; lastKnownFileType = text.plist.xml; name = AppFrameworkInfo.plist; path = Flutter/AppFrameworkInfo.plist; sourceTree = "<group>"; };
		41102141140E57B1DC27FBA1 /* SDKNotificationService.swift */ = {isa = PBXFileReference; includeInIndex = 1; lastKnownFileType = sourcecode.swift; name = SDKNotificationService.swift; path = "../.symlinks/plugins/breez_sdk/ios/bindings-swift/Sources/BreezSDK/SDKNotificationService.swift"; sourceTree = "<group>"; };
		58C22CBD8C22B9D6023D59F8 /* LnurlPayInfo.swift */ = {isa = PBXFileReference; includeInIndex = 1; lastKnownFileType = sourcecode.swift; name = LnurlPayInfo.swift; path = "../.symlinks/plugins/breez_sdk/ios/bindings-swift/Sources/BreezSDK/Task/LnurlPayInfo.swift"; sourceTree = "<group>"; };
		5AFFEBFC279AD49C00F906A4 /* wakeLock.swift */ = {isa = PBXFileReference; lastKnownFileType = sourcecode.swift; path = wakeLock.swift; sourceTree = "<group>"; };
		74858FAD1ED2DC5600515810 /* Runner-Bridging-Header.h */ = {isa = PBXFileReference; lastKnownFileType = sourcecode.c.h; path = "Runner-Bridging-Header.h"; sourceTree = "<group>"; };
		74858FAE1ED2DC5600515810 /* AppDelegate.swift */ = {isa = PBXFileReference; fileEncoding = 4; lastKnownFileType = sourcecode.swift; path = AppDelegate.swift; sourceTree = "<group>"; };
		78D25C60B94E9D9E48D52E5E /* ResourceHelper.swift */ = {isa = PBXFileReference; includeInIndex = 1; lastKnownFileType = sourcecode.swift; name = ResourceHelper.swift; path = "../.symlinks/plugins/breez_sdk/ios/bindings-swift/Sources/BreezSDK/ResourceHelper.swift"; sourceTree = "<group>"; };
		7AFA3C8E1D35360C0083082E /* Release.xcconfig */ = {isa = PBXFileReference; lastKnownFileType = text.xcconfig; name = Release.xcconfig; path = Flutter/Release.xcconfig; sourceTree = "<group>"; };
		7D3364C03978A8A74B6D586E /* LnurlPay.swift */ = {isa = PBXFileReference; includeInIndex = 1; lastKnownFileType = sourcecode.swift; name = LnurlPay.swift; path = "../.symlinks/plugins/breez_sdk/ios/bindings-swift/Sources/BreezSDK/Task/LnurlPay.swift"; sourceTree = "<group>"; };
		91C524F800843E0A3F17E004 /* ReceivePayment.swift */ = {isa = PBXFileReference; includeInIndex = 1; lastKnownFileType = sourcecode.swift; name = ReceivePayment.swift; path = "../.symlinks/plugins/breez_sdk/ios/bindings-swift/Sources/BreezSDK/Task/ReceivePayment.swift"; sourceTree = "<group>"; };
		9740EEB21CF90195004384FC /* Debug.xcconfig */ = {isa = PBXFileReference; fileEncoding = 4; lastKnownFileType = text.xcconfig; name = Debug.xcconfig; path = Flutter/Debug.xcconfig; sourceTree = "<group>"; };
		9740EEB31CF90195004384FC /* Generated.xcconfig */ = {isa = PBXFileReference; fileEncoding = 4; lastKnownFileType = text.xcconfig; name = Generated.xcconfig; path = Flutter/Generated.xcconfig; sourceTree = "<group>"; };
		97C146EE1CF9000F007C117D /* Runner.app */ = {isa = PBXFileReference; explicitFileType = wrapper.application; includeInIndex = 0; path = Runner.app; sourceTree = BUILT_PRODUCTS_DIR; };
		97C146FB1CF9000F007C117D /* Base */ = {isa = PBXFileReference; lastKnownFileType = file.storyboard; name = Base; path = Base.lproj/Main.storyboard; sourceTree = "<group>"; };
		97C146FD1CF9000F007C117D /* Assets.xcassets */ = {isa = PBXFileReference; lastKnownFileType = folder.assetcatalog; path = Assets.xcassets; sourceTree = "<group>"; };
		97C147001CF9000F007C117D /* Base */ = {isa = PBXFileReference; lastKnownFileType = file.storyboard; name = Base; path = Base.lproj/LaunchScreen.storyboard; sourceTree = "<group>"; };
		97C147021CF9000F007C117D /* Info.plist */ = {isa = PBXFileReference; lastKnownFileType = text.plist.xml; path = Info.plist; sourceTree = "<group>"; };
		9D2F2C9F2555316C95EE7EA3 /* RedeemSwap.swift */ = {isa = PBXFileReference; includeInIndex = 1; lastKnownFileType = sourcecode.swift; name = RedeemSwap.swift; path = "../.symlinks/plugins/breez_sdk/ios/bindings-swift/Sources/BreezSDK/Task/RedeemSwap.swift"; sourceTree = "<group>"; };
		9F46EE5D2BC11178009318F5 /* PrivacyInfo.xcprivacy */ = {isa = PBXFileReference; lastKnownFileType = text.xml; path = PrivacyInfo.xcprivacy; sourceTree = "<group>"; };
		ABD6FCBB0F4244B090459128 /* BreezSDK.swift */ = {isa = PBXFileReference; includeInIndex = 1; lastKnownFileType = sourcecode.swift; name = BreezSDK.swift; path = "../.symlinks/plugins/breez_sdk/ios/bindings-swift/Sources/BreezSDK/BreezSDK.swift"; sourceTree = "<group>"; };
		B3D5E78267F5F18D882FDC3B /* ServiceConfig.swift */ = {isa = PBXFileReference; includeInIndex = 1; lastKnownFileType = sourcecode.swift; name = ServiceConfig.swift; path = "../.symlinks/plugins/breez_sdk/ios/bindings-swift/Sources/BreezSDK/ServiceConfig.swift"; sourceTree = "<group>"; };
		C58D93382C00FAC6004BCF69 /* libresolv.tbd */ = {isa = PBXFileReference; lastKnownFileType = "sourcecode.text-based-dylib-definition"; name = libresolv.tbd; path = usr/lib/libresolv.tbd; sourceTree = SDKROOT; };
		CE291CFD2C15DB9A00B9F709 /* WowneroWallet.framework */ = {isa = PBXFileReference; lastKnownFileType = wrapper.framework; path = WowneroWallet.framework; sourceTree = "<group>"; };
		CEAFE49D2C539250009FF3AD /* Mwebd.xcframework */ = {isa = PBXFileReference; lastKnownFileType = wrapper.xcframework; path = Mwebd.xcframework; sourceTree = "<group>"; };
		CEB6D62E2D43BB78002C6DBC /* ZanoWallet.framework */ = {isa = PBXFileReference; lastKnownFileType = wrapper.framework; path = ZanoWallet.framework; sourceTree = "<group>"; };
		D139E30AEB36740C21C00A9E /* Pods-Runner.profile.xcconfig */ = {isa = PBXFileReference; includeInIndex = 1; lastKnownFileType = text.xcconfig; name = "Pods-Runner.profile.xcconfig"; path = "Target Support Files/Pods-Runner/Pods-Runner.profile.xcconfig"; sourceTree = "<group>"; };
		D7CD6B6020744E8FA471915D /* Pods_Runner.framework */ = {isa = PBXFileReference; explicitFileType = wrapper.framework; includeInIndex = 0; path = Pods_Runner.framework; sourceTree = BUILT_PRODUCTS_DIR; };
		DCEA540E3586164FB47AD13E /* LnurlPayInvoice.swift */ = {isa = PBXFileReference; includeInIndex = 1; lastKnownFileType = sourcecode.swift; name = LnurlPayInvoice.swift; path = "../.symlinks/plugins/breez_sdk/ios/bindings-swift/Sources/BreezSDK/Task/LnurlPayInvoice.swift"; sourceTree = "<group>"; };
		F42258C3697CFE3C8C8D1933 /* ServiceLogger.swift */ = {isa = PBXFileReference; includeInIndex = 1; lastKnownFileType = sourcecode.swift; name = ServiceLogger.swift; path = "../.symlinks/plugins/breez_sdk/ios/bindings-swift/Sources/BreezSDK/ServiceLogger.swift"; sourceTree = "<group>"; };
/* End PBXFileReference section */

/* Begin PBXFrameworksBuildPhase section */
		97C146EB1CF9000F007C117D /* Frameworks */ = {
			isa = PBXFrameworksBuildPhase;
			buildActionMask = 2147483647;
			files = (
				CEAFE4A02C53926F009FF3AD /* libresolv.tbd in Frameworks */,
				8B1F4FCAA5EB9F3A83D32D5F /* Pods_Runner.framework in Frameworks */,
			);
			runOnlyForDeploymentPostprocessing = 0;
		};
/* End PBXFrameworksBuildPhase section */

/* Begin PBXGroup section */
		06957875428D0F5AAE053765 /* Frameworks */ = {
			isa = PBXGroup;
			children = (
				CEAFE49D2C539250009FF3AD /* Mwebd.xcframework */,
				C58D93382C00FAC6004BCF69 /* libresolv.tbd */,
				0C9986A3251A932F00D566FD /* CryptoSwift.framework */,
				D7CD6B6020744E8FA471915D /* Pods_Runner.framework */,
			);
			name = Frameworks;
			sourceTree = "<group>";
		};
		0B80439B9064C9708DDB0ADA /* breez_sdk-OnDemandResources */ = {
			isa = PBXGroup;
			children = (
				ADEC151FA90C8F1EBCDA8CA3 /* BreezSDK */,
			);
			name = "breez_sdk-OnDemandResources";
			sourceTree = "<group>";
		};
		0C44A7182518EF4A00B570ED /* CakeWallet */ = {
			isa = PBXGroup;
			children = (
				0C44A7192518EF8000B570ED /* decrypt.swift */,
				0C9D68C8264854B60011B691 /* secRandom.swift */,
				5AFFEBFC279AD49C00F906A4 /* wakeLock.swift */,
			);
			path = CakeWallet;
			sourceTree = "<group>";
		};
		84389F1A05D5860790D82820 /* Pods */ = {
			isa = PBXGroup;
			children = (
				0B80439B9064C9708DDB0ADA /* breez_sdk-OnDemandResources */,
				014D7E4DBCFD76DDE652A4D9 /* Pods-Runner.debug.xcconfig */,
				28F61114229803070973270D /* Pods-Runner.release.xcconfig */,
				D139E30AEB36740C21C00A9E /* Pods-Runner.profile.xcconfig */,
			);
			path = Pods;
			sourceTree = "<group>";
		};
		9740EEB11CF90186004384FC /* Flutter */ = {
			isa = PBXGroup;
			children = (
				3B3967151E833CAA004F5970 /* AppFrameworkInfo.plist */,
				9740EEB21CF90195004384FC /* Debug.xcconfig */,
				7AFA3C8E1D35360C0083082E /* Release.xcconfig */,
				9740EEB31CF90195004384FC /* Generated.xcconfig */,
			);
			name = Flutter;
			sourceTree = "<group>";
		};
		97C146E51CF9000F007C117D = {
			isa = PBXGroup;
			children = (
				CE291CFD2C15DB9A00B9F709 /* WowneroWallet.framework */,
				0C50DFB82BF3CB56002B0EB3 /* MoneroWallet.framework */,
				CEB6D62E2D43BB78002C6DBC /* ZanoWallet.framework */,
				0C44A7182518EF4A00B570ED /* CakeWallet */,
				9740EEB11CF90186004384FC /* Flutter */,
				97C146F01CF9000F007C117D /* Runner */,
				97C146EF1CF9000F007C117D /* Products */,
				84389F1A05D5860790D82820 /* Pods */,
				06957875428D0F5AAE053765 /* Frameworks */,
			);
			sourceTree = "<group>";
		};
		97C146EF1CF9000F007C117D /* Products */ = {
			isa = PBXGroup;
			children = (
				97C146EE1CF9000F007C117D /* Runner.app */,
			);
			name = Products;
			sourceTree = "<group>";
		};
		97C146F01CF9000F007C117D /* Runner */ = {
			isa = PBXGroup;
			children = (
				0C400E0F25B21ABB0025E469 /* Runner.entitlements */,
				97C146FA1CF9000F007C117D /* Main.storyboard */,
				97C146FD1CF9000F007C117D /* Assets.xcassets */,
				97C146FF1CF9000F007C117D /* LaunchScreen.storyboard */,
				97C147021CF9000F007C117D /* Info.plist */,
				9F46EE5D2BC11178009318F5 /* PrivacyInfo.xcprivacy */,
				1498D2321E8E86230040F4C2 /* GeneratedPluginRegistrant.h */,
				1498D2331E8E89220040F4C2 /* GeneratedPluginRegistrant.m */,
				74858FAE1ED2DC5600515810 /* AppDelegate.swift */,
				74858FAD1ED2DC5600515810 /* Runner-Bridging-Header.h */,
			);
			path = Runner;
			sourceTree = "<group>";
		};
		ADEC151FA90C8F1EBCDA8CA3 /* BreezSDK */ = {
			isa = PBXGroup;
			children = (
				ABD6FCBB0F4244B090459128 /* BreezSDK.swift */,
				1FB06A93B13D606F06B3924D /* BreezSDKConnector.swift */,
				0CCA7ADAD6FF9185EBBB2BCA /* Constants.swift */,
				78D25C60B94E9D9E48D52E5E /* ResourceHelper.swift */,
				41102141140E57B1DC27FBA1 /* SDKNotificationService.swift */,
				B3D5E78267F5F18D882FDC3B /* ServiceConfig.swift */,
				F42258C3697CFE3C8C8D1933 /* ServiceLogger.swift */,
				0F42D8065219E0653321EE2B /* TaskProtocol.swift */,
				7D3364C03978A8A74B6D586E /* LnurlPay.swift */,
				58C22CBD8C22B9D6023D59F8 /* LnurlPayInfo.swift */,
				DCEA540E3586164FB47AD13E /* LnurlPayInvoice.swift */,
				91C524F800843E0A3F17E004 /* ReceivePayment.swift */,
				9D2F2C9F2555316C95EE7EA3 /* RedeemSwap.swift */,
			);
			name = BreezSDK;
			sourceTree = "<group>";
		};
/* End PBXGroup section */

/* Begin PBXNativeTarget section */
		97C146ED1CF9000F007C117D /* Runner */ = {
			isa = PBXNativeTarget;
			buildConfigurationList = 97C147051CF9000F007C117D /* Build configuration list for PBXNativeTarget "Runner" */;
			buildPhases = (
				11278EDF4D5DB437B3FDB787 /* [CP] Check Pods Manifest.lock */,
				CE5E8A222BEE19C700608EA1 /* CopyFiles */,
				9740EEB61CF901F6004384FC /* Run Script */,
				97C146EA1CF9000F007C117D /* Sources */,
				97C146EB1CF9000F007C117D /* Frameworks */,
				97C146EC1CF9000F007C117D /* Resources */,
				3B06AD1E1E4923F5004D2608 /* Thin Binary */,
				F6F67323547956BC4F7B67F1 /* [CP] Embed Pods Frameworks */,
				777FE2B16F25A3E820834145 /* [CP] Copy Pods Resources */,
			);
			buildRules = (
			);
			dependencies = (
			);
			name = Runner;
			productName = Runner;
			productReference = 97C146EE1CF9000F007C117D /* Runner.app */;
			productType = "com.apple.product-type.application";
		};
/* End PBXNativeTarget section */

/* Begin PBXProject section */
		97C146E61CF9000F007C117D /* Project object */ = {
			isa = PBXProject;
			attributes = {
				KnownAssetTags = (
					BreezSDK,
				);
				LastUpgradeCheck = 1510;
				ORGANIZATIONNAME = "";
				TargetAttributes = {
					97C146ED1CF9000F007C117D = {
						CreatedOnToolsVersion = 7.3.1;
						LastSwiftMigration = 1100;
					};
				};
			};
			buildConfigurationList = 97C146E91CF9000F007C117D /* Build configuration list for PBXProject "Runner" */;
			compatibilityVersion = "Xcode 9.3";
			developmentRegion = en;
			hasScannedForEncodings = 0;
			knownRegions = (
				en,
				Base,
			);
			mainGroup = 97C146E51CF9000F007C117D;
			productRefGroup = 97C146EF1CF9000F007C117D /* Products */;
			projectDirPath = "";
			projectRoot = "";
			targets = (
				97C146ED1CF9000F007C117D /* Runner */,
			);
		};
/* End PBXProject section */

/* Begin PBXResourcesBuildPhase section */
		97C146EC1CF9000F007C117D /* Resources */ = {
			isa = PBXResourcesBuildPhase;
			buildActionMask = 2147483647;
			files = (
				97C147011CF9000F007C117D /* LaunchScreen.storyboard in Resources */,
				3B3967161E833CAA004F5970 /* AppFrameworkInfo.plist in Resources */,
				97C146FE1CF9000F007C117D /* Assets.xcassets in Resources */,
				9F46EE5E2BC11178009318F5 /* PrivacyInfo.xcprivacy in Resources */,
				97C146FC1CF9000F007C117D /* Main.storyboard in Resources */,
				D3AD73A327249AFE8F016A51 /* BreezSDK.swift in Resources */,
				525A2200C6C2A43EDC5C8FC5 /* BreezSDKConnector.swift in Resources */,
				724FDA327BF191BC29DCAA2E /* Constants.swift in Resources */,
				2193F104374FA2746CE8945B /* ResourceHelper.swift in Resources */,
				F5EE19868D6F10D814BF73AD /* SDKNotificationService.swift in Resources */,
				B6C6E59403ACDE44724C12F4 /* ServiceConfig.swift in Resources */,
				73138617307FA4F838D21D62 /* ServiceLogger.swift in Resources */,
				495FEFF9B395392FED3425DE /* TaskProtocol.swift in Resources */,
				A1B4A70C9CFA13AB71662216 /* LnurlPay.swift in Resources */,
				CFEFC24F82F78FE747DF1D22 /* LnurlPayInfo.swift in Resources */,
				6909E1D79C9986ADF2DE41E9 /* LnurlPayInvoice.swift in Resources */,
				D0D7A0D4E13F31C4E02E235B /* ReceivePayment.swift in Resources */,
				A3D5E17CC53DF13FA740DEFA /* RedeemSwap.swift in Resources */,
			);
			runOnlyForDeploymentPostprocessing = 0;
		};
/* End PBXResourcesBuildPhase section */

/* Begin PBXShellScriptBuildPhase section */
		11278EDF4D5DB437B3FDB787 /* [CP] Check Pods Manifest.lock */ = {
			isa = PBXShellScriptBuildPhase;
			buildActionMask = 2147483647;
			files = (
			);
			inputFileListPaths = (
			);
			inputPaths = (
				"${PODS_PODFILE_DIR_PATH}/Podfile.lock",
				"${PODS_ROOT}/Manifest.lock",
			);
			name = "[CP] Check Pods Manifest.lock";
			outputFileListPaths = (
			);
			outputPaths = (
				"$(DERIVED_FILE_DIR)/Pods-Runner-checkManifestLockResult.txt",
			);
			runOnlyForDeploymentPostprocessing = 0;
			shellPath = /bin/sh;
			shellScript = "diff \"${PODS_PODFILE_DIR_PATH}/Podfile.lock\" \"${PODS_ROOT}/Manifest.lock\" > /dev/null\nif [ $? != 0 ] ; then\n    # print error to STDERR\n    echo \"error: The sandbox is not in sync with the Podfile.lock. Run 'pod install' or update your CocoaPods installation.\" >&2\n    exit 1\nfi\n# This output is used by Xcode 'outputs' to avoid re-running this script phase.\necho \"SUCCESS\" > \"${SCRIPT_OUTPUT_FILE_0}\"\n";
			showEnvVarsInLog = 0;
		};
		3B06AD1E1E4923F5004D2608 /* Thin Binary */ = {
			isa = PBXShellScriptBuildPhase;
			alwaysOutOfDate = 1;
			buildActionMask = 2147483647;
			files = (
			);
			inputPaths = (
				"${TARGET_BUILD_DIR}/${INFOPLIST_PATH}",
			);
			name = "Thin Binary";
			outputPaths = (
			);
			runOnlyForDeploymentPostprocessing = 0;
			shellPath = /bin/sh;
			shellScript = "/bin/sh \"$FLUTTER_ROOT/packages/flutter_tools/bin/xcode_backend.sh\" embed_and_thin\n";
		};
		777FE2B16F25A3E820834145 /* [CP] Copy Pods Resources */ = {
			isa = PBXShellScriptBuildPhase;
			buildActionMask = 2147483647;
			files = (
			);
			inputFileListPaths = (
				"${PODS_ROOT}/Target Support Files/Pods-Runner/Pods-Runner-resources-${CONFIGURATION}-input-files.xcfilelist",
			);
			name = "[CP] Copy Pods Resources";
			outputFileListPaths = (
				"${PODS_ROOT}/Target Support Files/Pods-Runner/Pods-Runner-resources-${CONFIGURATION}-output-files.xcfilelist",
			);
			runOnlyForDeploymentPostprocessing = 0;
			shellPath = /bin/sh;
			shellScript = "\"${PODS_ROOT}/Target Support Files/Pods-Runner/Pods-Runner-resources.sh\"\n";
			showEnvVarsInLog = 0;
		};
		9740EEB61CF901F6004384FC /* Run Script */ = {
			isa = PBXShellScriptBuildPhase;
			alwaysOutOfDate = 1;
			buildActionMask = 2147483647;
			files = (
			);
			inputPaths = (
			);
			name = "Run Script";
			outputPaths = (
			);
			runOnlyForDeploymentPostprocessing = 0;
			shellPath = /bin/sh;
			shellScript = "/bin/sh \"$FLUTTER_ROOT/packages/flutter_tools/bin/xcode_backend.sh\" build\n";
		};
		F6F67323547956BC4F7B67F1 /* [CP] Embed Pods Frameworks */ = {
			isa = PBXShellScriptBuildPhase;
			buildActionMask = 2147483647;
			files = (
			);
			inputFileListPaths = (
				"${PODS_ROOT}/Target Support Files/Pods-Runner/Pods-Runner-frameworks-${CONFIGURATION}-input-files.xcfilelist",
			);
			name = "[CP] Embed Pods Frameworks";
			outputFileListPaths = (
				"${PODS_ROOT}/Target Support Files/Pods-Runner/Pods-Runner-frameworks-${CONFIGURATION}-output-files.xcfilelist",
			);
			runOnlyForDeploymentPostprocessing = 0;
			shellPath = /bin/sh;
			shellScript = "\"${PODS_ROOT}/Target Support Files/Pods-Runner/Pods-Runner-frameworks.sh\"\n";
			showEnvVarsInLog = 0;
		};
/* End PBXShellScriptBuildPhase section */

/* Begin PBXSourcesBuildPhase section */
		97C146EA1CF9000F007C117D /* Sources */ = {
			isa = PBXSourcesBuildPhase;
			buildActionMask = 2147483647;
			files = (
				74858FAF1ED2DC5600515810 /* AppDelegate.swift in Sources */,
				1498D2341E8E89220040F4C2 /* GeneratedPluginRegistrant.m in Sources */,
				0C9D68C9264854B60011B691 /* secRandom.swift in Sources */,
				0C44A71A2518EF8000B570ED /* decrypt.swift in Sources */,
			);
			runOnlyForDeploymentPostprocessing = 0;
		};
/* End PBXSourcesBuildPhase section */

/* Begin PBXVariantGroup section */
		97C146FA1CF9000F007C117D /* Main.storyboard */ = {
			isa = PBXVariantGroup;
			children = (
				97C146FB1CF9000F007C117D /* Base */,
			);
			name = Main.storyboard;
			sourceTree = "<group>";
		};
		97C146FF1CF9000F007C117D /* LaunchScreen.storyboard */ = {
			isa = PBXVariantGroup;
			children = (
				97C147001CF9000F007C117D /* Base */,
			);
			name = LaunchScreen.storyboard;
			sourceTree = "<group>";
		};
/* End PBXVariantGroup section */

/* Begin XCBuildConfiguration section */
		249021D3217E4FDB00AE95B9 /* Profile */ = {
			isa = XCBuildConfiguration;
			buildSettings = {
				ALWAYS_SEARCH_USER_PATHS = NO;
				CLANG_ANALYZER_NONNULL = YES;
				CLANG_CXX_LANGUAGE_STANDARD = "gnu++0x";
				CLANG_CXX_LIBRARY = "libc++";
				CLANG_ENABLE_MODULES = YES;
				CLANG_ENABLE_OBJC_ARC = YES;
				CLANG_WARN_BLOCK_CAPTURE_AUTORELEASING = YES;
				CLANG_WARN_BOOL_CONVERSION = YES;
				CLANG_WARN_COMMA = YES;
				CLANG_WARN_CONSTANT_CONVERSION = YES;
				CLANG_WARN_DEPRECATED_OBJC_IMPLEMENTATIONS = YES;
				CLANG_WARN_DIRECT_OBJC_ISA_USAGE = YES_ERROR;
				CLANG_WARN_EMPTY_BODY = YES;
				CLANG_WARN_ENUM_CONVERSION = YES;
				CLANG_WARN_INFINITE_RECURSION = YES;
				CLANG_WARN_INT_CONVERSION = YES;
				CLANG_WARN_NON_LITERAL_NULL_CONVERSION = YES;
				CLANG_WARN_OBJC_IMPLICIT_RETAIN_SELF = YES;
				CLANG_WARN_OBJC_LITERAL_CONVERSION = YES;
				CLANG_WARN_OBJC_ROOT_CLASS = YES_ERROR;
				CLANG_WARN_RANGE_LOOP_ANALYSIS = YES;
				CLANG_WARN_STRICT_PROTOTYPES = YES;
				CLANG_WARN_SUSPICIOUS_MOVE = YES;
				CLANG_WARN_UNREACHABLE_CODE = YES;
				CLANG_WARN__DUPLICATE_METHOD_MATCH = YES;
				"CODE_SIGN_IDENTITY[sdk=iphoneos*]" = "iPhone Developer";
				COPY_PHASE_STRIP = NO;
				DEBUG_INFORMATION_FORMAT = "dwarf-with-dsym";
				ENABLE_BITCODE = NO;
				ENABLE_NS_ASSERTIONS = NO;
				ENABLE_STRICT_OBJC_MSGSEND = YES;
				GCC_C_LANGUAGE_STANDARD = gnu99;
				GCC_NO_COMMON_BLOCKS = YES;
				GCC_WARN_64_TO_32_BIT_CONVERSION = YES;
				GCC_WARN_ABOUT_RETURN_TYPE = YES_ERROR;
				GCC_WARN_UNDECLARED_SELECTOR = YES;
				GCC_WARN_UNINITIALIZED_AUTOS = YES_AGGRESSIVE;
				GCC_WARN_UNUSED_FUNCTION = YES;
				GCC_WARN_UNUSED_VARIABLE = YES;
				IPHONEOS_DEPLOYMENT_TARGET = 12.0;
				MTL_ENABLE_DEBUG_INFO = NO;
				SDKROOT = iphoneos;
				SUPPORTED_PLATFORMS = iphoneos;
				TARGETED_DEVICE_FAMILY = "1,2";
				VALIDATE_PRODUCT = YES;
			};
			name = Profile;
		};
		249021D4217E4FDB00AE95B9 /* Profile */ = {
			isa = XCBuildConfiguration;
			baseConfigurationReference = 7AFA3C8E1D35360C0083082E /* Release.xcconfig */;
			buildSettings = {
				ASSETCATALOG_COMPILER_APPICON_NAME = AppIcon;
				CLANG_ENABLE_MODULES = YES;
				CODE_SIGN_ENTITLEMENTS = Runner/Runner.entitlements;
				CURRENT_PROJECT_VERSION = 3;
				DEVELOPMENT_TEAM = 32J6BB6VUS;
				DISABLED_ARCHS = x86_64;
				ENABLE_BITCODE = NO;
				EXCLUDED_SOURCE_FILE_NAMES = "";
				FRAMEWORK_SEARCH_PATHS = (
					"$(inherited)",
					"$(PROJECT_DIR)/Flutter",
					"$(PROJECT_DIR)",
				);
				INFOPLIST_FILE = Runner/Info.plist;
				IPHONEOS_DEPLOYMENT_TARGET = 12.0;
				LD_RUNPATH_SEARCH_PATHS = (
					"$(inherited)",
					"@executable_path/Frameworks",
				);
				LIBRARY_SEARCH_PATHS = (
					"$(inherited)",
					"$(PROJECT_DIR)/Flutter",
				);
				MARKETING_VERSION = 1.0.1;
				PRODUCT_BUNDLE_IDENTIFIER = com.fotolockr.cakewallet;
				PRODUCT_NAME = "$(TARGET_NAME)";
				SWIFT_OBJC_BRIDGING_HEADER = "Runner/Runner-Bridging-Header.h";
				SWIFT_VERSION = 5.0;
				TARGETED_DEVICE_FAMILY = "1,2";
				VALID_ARCHS = arm64;
				VERSIONING_SYSTEM = "apple-generic";
			};
			name = Profile;
		};
		97C147031CF9000F007C117D /* Debug */ = {
			isa = XCBuildConfiguration;
			buildSettings = {
				ALWAYS_SEARCH_USER_PATHS = NO;
				CLANG_ANALYZER_NONNULL = YES;
				CLANG_CXX_LANGUAGE_STANDARD = "gnu++0x";
				CLANG_CXX_LIBRARY = "libc++";
				CLANG_ENABLE_MODULES = YES;
				CLANG_ENABLE_OBJC_ARC = YES;
				CLANG_WARN_BLOCK_CAPTURE_AUTORELEASING = YES;
				CLANG_WARN_BOOL_CONVERSION = YES;
				CLANG_WARN_COMMA = YES;
				CLANG_WARN_CONSTANT_CONVERSION = YES;
				CLANG_WARN_DEPRECATED_OBJC_IMPLEMENTATIONS = YES;
				CLANG_WARN_DIRECT_OBJC_ISA_USAGE = YES_ERROR;
				CLANG_WARN_EMPTY_BODY = YES;
				CLANG_WARN_ENUM_CONVERSION = YES;
				CLANG_WARN_INFINITE_RECURSION = YES;
				CLANG_WARN_INT_CONVERSION = YES;
				CLANG_WARN_NON_LITERAL_NULL_CONVERSION = YES;
				CLANG_WARN_OBJC_IMPLICIT_RETAIN_SELF = YES;
				CLANG_WARN_OBJC_LITERAL_CONVERSION = YES;
				CLANG_WARN_OBJC_ROOT_CLASS = YES_ERROR;
				CLANG_WARN_RANGE_LOOP_ANALYSIS = YES;
				CLANG_WARN_STRICT_PROTOTYPES = YES;
				CLANG_WARN_SUSPICIOUS_MOVE = YES;
				CLANG_WARN_UNREACHABLE_CODE = YES;
				CLANG_WARN__DUPLICATE_METHOD_MATCH = YES;
				"CODE_SIGN_IDENTITY[sdk=iphoneos*]" = "iPhone Developer";
				COPY_PHASE_STRIP = NO;
				DEBUG_INFORMATION_FORMAT = dwarf;
				ENABLE_BITCODE = NO;
				ENABLE_STRICT_OBJC_MSGSEND = YES;
				ENABLE_TESTABILITY = YES;
				GCC_C_LANGUAGE_STANDARD = gnu99;
				GCC_DYNAMIC_NO_PIC = NO;
				GCC_NO_COMMON_BLOCKS = YES;
				GCC_OPTIMIZATION_LEVEL = 0;
				GCC_PREPROCESSOR_DEFINITIONS = (
					"DEBUG=1",
					"$(inherited)",
				);
				GCC_WARN_64_TO_32_BIT_CONVERSION = YES;
				GCC_WARN_ABOUT_RETURN_TYPE = YES_ERROR;
				GCC_WARN_UNDECLARED_SELECTOR = YES;
				GCC_WARN_UNINITIALIZED_AUTOS = YES_AGGRESSIVE;
				GCC_WARN_UNUSED_FUNCTION = YES;
				GCC_WARN_UNUSED_VARIABLE = YES;
				IPHONEOS_DEPLOYMENT_TARGET = 12.0;
				MTL_ENABLE_DEBUG_INFO = YES;
				ONLY_ACTIVE_ARCH = YES;
				SDKROOT = iphoneos;
				TARGETED_DEVICE_FAMILY = "1,2";
			};
			name = Debug;
		};
		97C147041CF9000F007C117D /* Release */ = {
			isa = XCBuildConfiguration;
			buildSettings = {
				ALWAYS_SEARCH_USER_PATHS = NO;
				CLANG_ANALYZER_NONNULL = YES;
				CLANG_CXX_LANGUAGE_STANDARD = "gnu++0x";
				CLANG_CXX_LIBRARY = "libc++";
				CLANG_ENABLE_MODULES = YES;
				CLANG_ENABLE_OBJC_ARC = YES;
				CLANG_WARN_BLOCK_CAPTURE_AUTORELEASING = YES;
				CLANG_WARN_BOOL_CONVERSION = YES;
				CLANG_WARN_COMMA = YES;
				CLANG_WARN_CONSTANT_CONVERSION = YES;
				CLANG_WARN_DEPRECATED_OBJC_IMPLEMENTATIONS = YES;
				CLANG_WARN_DIRECT_OBJC_ISA_USAGE = YES_ERROR;
				CLANG_WARN_EMPTY_BODY = YES;
				CLANG_WARN_ENUM_CONVERSION = YES;
				CLANG_WARN_INFINITE_RECURSION = YES;
				CLANG_WARN_INT_CONVERSION = YES;
				CLANG_WARN_NON_LITERAL_NULL_CONVERSION = YES;
				CLANG_WARN_OBJC_IMPLICIT_RETAIN_SELF = YES;
				CLANG_WARN_OBJC_LITERAL_CONVERSION = YES;
				CLANG_WARN_OBJC_ROOT_CLASS = YES_ERROR;
				CLANG_WARN_RANGE_LOOP_ANALYSIS = YES;
				CLANG_WARN_STRICT_PROTOTYPES = YES;
				CLANG_WARN_SUSPICIOUS_MOVE = YES;
				CLANG_WARN_UNREACHABLE_CODE = YES;
				CLANG_WARN__DUPLICATE_METHOD_MATCH = YES;
				"CODE_SIGN_IDENTITY[sdk=iphoneos*]" = "iPhone Developer";
				COPY_PHASE_STRIP = NO;
				DEBUG_INFORMATION_FORMAT = "dwarf-with-dsym";
				ENABLE_BITCODE = NO;
				ENABLE_NS_ASSERTIONS = NO;
				ENABLE_STRICT_OBJC_MSGSEND = YES;
				GCC_C_LANGUAGE_STANDARD = gnu99;
				GCC_NO_COMMON_BLOCKS = YES;
				GCC_WARN_64_TO_32_BIT_CONVERSION = YES;
				GCC_WARN_ABOUT_RETURN_TYPE = YES_ERROR;
				GCC_WARN_UNDECLARED_SELECTOR = YES;
				GCC_WARN_UNINITIALIZED_AUTOS = YES_AGGRESSIVE;
				GCC_WARN_UNUSED_FUNCTION = YES;
				GCC_WARN_UNUSED_VARIABLE = YES;
				IPHONEOS_DEPLOYMENT_TARGET = 12.0;
				MTL_ENABLE_DEBUG_INFO = NO;
				SDKROOT = iphoneos;
				SUPPORTED_PLATFORMS = iphoneos;
				SWIFT_COMPILATION_MODE = wholemodule;
				SWIFT_OPTIMIZATION_LEVEL = "-O";
				TARGETED_DEVICE_FAMILY = "1,2";
				VALIDATE_PRODUCT = YES;
			};
			name = Release;
		};
		97C147061CF9000F007C117D /* Debug */ = {
			isa = XCBuildConfiguration;
			baseConfigurationReference = 9740EEB21CF90195004384FC /* Debug.xcconfig */;
			buildSettings = {
				ASSETCATALOG_COMPILER_APPICON_NAME = AppIcon;
				CLANG_ENABLE_MODULES = YES;
				CODE_SIGN_ENTITLEMENTS = Runner/Runner.entitlements;
				CURRENT_PROJECT_VERSION = 3;
				DEVELOPMENT_TEAM = 32J6BB6VUS;
				DISABLED_ARCHS = x86_64;
				ENABLE_BITCODE = NO;
				EXCLUDED_SOURCE_FILE_NAMES = "";
				FRAMEWORK_SEARCH_PATHS = (
					"$(inherited)",
					"$(PROJECT_DIR)/Flutter",
					"$(PROJECT_DIR)",
				);
				INFOPLIST_FILE = Runner/Info.plist;
				IPHONEOS_DEPLOYMENT_TARGET = 12.0;
				LD_RUNPATH_SEARCH_PATHS = (
					"$(inherited)",
					"@executable_path/Frameworks",
				);
				LIBRARY_SEARCH_PATHS = (
					"$(inherited)",
					"$(PROJECT_DIR)/Flutter",
				);
				MARKETING_VERSION = 1.0.1;
				PRODUCT_BUNDLE_IDENTIFIER = com.fotolockr.cakewallet;
				PRODUCT_NAME = "$(TARGET_NAME)";
				SWIFT_OBJC_BRIDGING_HEADER = "Runner/Runner-Bridging-Header.h";
				SWIFT_OPTIMIZATION_LEVEL = "-Onone";
				SWIFT_VERSION = 5.0;
				TARGETED_DEVICE_FAMILY = "1,2";
				VALID_ARCHS = arm64;
				VERSIONING_SYSTEM = "apple-generic";
			};
			name = Debug;
		};
		97C147071CF9000F007C117D /* Release */ = {
			isa = XCBuildConfiguration;
			baseConfigurationReference = 7AFA3C8E1D35360C0083082E /* Release.xcconfig */;
			buildSettings = {
				ASSETCATALOG_COMPILER_APPICON_NAME = AppIcon;
				CLANG_ENABLE_MODULES = YES;
				CODE_SIGN_ENTITLEMENTS = Runner/Runner.entitlements;
				CURRENT_PROJECT_VERSION = 3;
				DEVELOPMENT_TEAM = 32J6BB6VUS;
				DISABLED_ARCHS = x86_64;
				ENABLE_BITCODE = NO;
				EXCLUDED_SOURCE_FILE_NAMES = "";
				FRAMEWORK_SEARCH_PATHS = (
					"$(inherited)",
					"$(PROJECT_DIR)/Flutter",
					"$(PROJECT_DIR)",
				);
				INFOPLIST_FILE = Runner/Info.plist;
				IPHONEOS_DEPLOYMENT_TARGET = 12.0;
				LD_RUNPATH_SEARCH_PATHS = (
					"$(inherited)",
					"@executable_path/Frameworks",
				);
				LIBRARY_SEARCH_PATHS = (
					"$(inherited)",
					"$(PROJECT_DIR)/Flutter",
				);
				MARKETING_VERSION = 1.0.1;
				PRODUCT_BUNDLE_IDENTIFIER = com.fotolockr.cakewallet;
				PRODUCT_NAME = "$(TARGET_NAME)";
				SWIFT_OBJC_BRIDGING_HEADER = "Runner/Runner-Bridging-Header.h";
				SWIFT_VERSION = 5.0;
				TARGETED_DEVICE_FAMILY = "1,2";
				VALID_ARCHS = arm64;
				VERSIONING_SYSTEM = "apple-generic";
			};
			name = Release;
		};
/* End XCBuildConfiguration section */

/* Begin XCConfigurationList section */
		97C146E91CF9000F007C117D /* Build configuration list for PBXProject "Runner" */ = {
			isa = XCConfigurationList;
			buildConfigurations = (
				97C147031CF9000F007C117D /* Debug */,
				97C147041CF9000F007C117D /* Release */,
				249021D3217E4FDB00AE95B9 /* Profile */,
			);
			defaultConfigurationIsVisible = 0;
			defaultConfigurationName = Release;
		};
		97C147051CF9000F007C117D /* Build configuration list for PBXNativeTarget "Runner" */ = {
			isa = XCConfigurationList;
			buildConfigurations = (
				97C147061CF9000F007C117D /* Debug */,
				97C147071CF9000F007C117D /* Release */,
				249021D4217E4FDB00AE95B9 /* Profile */,
			);
			defaultConfigurationIsVisible = 0;
			defaultConfigurationName = Release;
		};
/* End XCConfigurationList section */
	};
	rootObject = 97C146E61CF9000F007C117D /* Project object */;
}
