PODS:
  - connectivity_plus (0.0.1):
    - FlutterMacOS
  - cw_mweb (0.0.1):
    - FlutterMacOS
  - device_info_plus (0.0.1):
    - FlutterMacOS
  - devicelocale (0.0.1):
    - FlutterMacOS
  - dnssec_proof (0.0.1)
  - fast_scanner (5.1.1):
    - FlutterMacOS
  - file_selector_macos (0.0.1):
    - FlutterMacOS
  - flutter_inappwebview_macos (0.0.1):
    - FlutterMacOS
    - OrderedSet (~> 6.0.3)
  - flutter_local_authentication (1.2.0):
    - FlutterMacOS
  - flutter_local_notifications (0.0.1):
    - FlutterMacOS
  - flutter_secure_storage_macos (6.1.1):
    - FlutterMacOS
  - FlutterMacOS (1.0.0)
  - in_app_review (2.0.0):
    - FlutterMacOS
  - OrderedSet (6.0.3)
  - package_info_plus (0.0.1):
    - FlutterMacOS
  - path_provider_foundation (0.0.1):
    - Flutter
    - FlutterMacOS
  - share_plus (0.0.1):
    - FlutterMacOS
  - shared_preferences_foundation (0.0.1):
    - Flutter
    - FlutterMacOS
  - sp_scanner (0.0.1):
    - FlutterMacOS
  - torch_dart (0.0.1):
    - FlutterMacOS
  - universal_ble (0.0.1):
    - Flutter
    - FlutterMacOS
  - url_launcher_macos (0.0.1):
    - FlutterMacOS
  - wakelock_plus (0.0.1):
    - FlutterMacOS

DEPENDENCIES:
  - connectivity_plus (from `Flutter/ephemeral/.symlinks/plugins/connectivity_plus/macos`)
  - cw_mweb (from `Flutter/ephemeral/.symlinks/plugins/cw_mweb/macos`)
  - device_info_plus (from `Flutter/ephemeral/.symlinks/plugins/device_info_plus/macos`)
  - devicelocale (from `Flutter/ephemeral/.symlinks/plugins/devicelocale/macos`)
  - dnssec_proof (from `Flutter/ephemeral/.symlinks/plugins/dnssec_proof/macos`)
  - fast_scanner (from `Flutter/ephemeral/.symlinks/plugins/fast_scanner/macos`)
  - file_selector_macos (from `Flutter/ephemeral/.symlinks/plugins/file_selector_macos/macos`)
  - flutter_inappwebview_macos (from `Flutter/ephemeral/.symlinks/plugins/flutter_inappwebview_macos/macos`)
  - flutter_local_authentication (from `Flutter/ephemeral/.symlinks/plugins/flutter_local_authentication/macos`)
  - flutter_local_notifications (from `Flutter/ephemeral/.symlinks/plugins/flutter_local_notifications/macos`)
  - flutter_secure_storage_macos (from `Flutter/ephemeral/.symlinks/plugins/flutter_secure_storage_macos/macos`)
  - FlutterMacOS (from `Flutter/ephemeral`)
  - in_app_review (from `Flutter/ephemeral/.symlinks/plugins/in_app_review/macos`)
  - package_info_plus (from `Flutter/ephemeral/.symlinks/plugins/package_info_plus/macos`)
  - path_provider_foundation (from `Flutter/ephemeral/.symlinks/plugins/path_provider_foundation/darwin`)
  - share_plus (from `Flutter/ephemeral/.symlinks/plugins/share_plus/macos`)
  - shared_preferences_foundation (from `Flutter/ephemeral/.symlinks/plugins/shared_preferences_foundation/darwin`)
  - sp_scanner (from `Flutter/ephemeral/.symlinks/plugins/sp_scanner/macos`)
  - torch_dart (from `Flutter/ephemeral/.symlinks/plugins/torch_dart/macos`)
  - universal_ble (from `Flutter/ephemeral/.symlinks/plugins/universal_ble/darwin`)
  - url_launcher_macos (from `Flutter/ephemeral/.symlinks/plugins/url_launcher_macos/macos`)
  - wakelock_plus (from `Flutter/ephemeral/.symlinks/plugins/wakelock_plus/macos`)

SPEC REPOS:
  trunk:
    - OrderedSet

EXTERNAL SOURCES:
  connectivity_plus:
    :path: Flutter/ephemeral/.symlinks/plugins/connectivity_plus/macos
  cw_mweb:
    :path: Flutter/ephemeral/.symlinks/plugins/cw_mweb/macos
  device_info_plus:
    :path: Flutter/ephemeral/.symlinks/plugins/device_info_plus/macos
  devicelocale:
    :path: Flutter/ephemeral/.symlinks/plugins/devicelocale/macos
  dnssec_proof:
    :path: Flutter/ephemeral/.symlinks/plugins/dnssec_proof/macos
  fast_scanner:
    :path: Flutter/ephemeral/.symlinks/plugins/fast_scanner/macos
  file_selector_macos:
    :path: Flutter/ephemeral/.symlinks/plugins/file_selector_macos/macos
  flutter_inappwebview_macos:
    :path: Flutter/ephemeral/.symlinks/plugins/flutter_inappwebview_macos/macos
  flutter_local_authentication:
    :path: Flutter/ephemeral/.symlinks/plugins/flutter_local_authentication/macos
  flutter_local_notifications:
    :path: Flutter/ephemeral/.symlinks/plugins/flutter_local_notifications/macos
  flutter_secure_storage_macos:
    :path: Flutter/ephemeral/.symlinks/plugins/flutter_secure_storage_macos/macos
  FlutterMacOS:
    :path: Flutter/ephemeral
  in_app_review:
    :path: Flutter/ephemeral/.symlinks/plugins/in_app_review/macos
  package_info_plus:
    :path: Flutter/ephemeral/.symlinks/plugins/package_info_plus/macos
  path_provider_foundation:
    :path: Flutter/ephemeral/.symlinks/plugins/path_provider_foundation/darwin
  share_plus:
    :path: Flutter/ephemeral/.symlinks/plugins/share_plus/macos
  shared_preferences_foundation:
    :path: Flutter/ephemeral/.symlinks/plugins/shared_preferences_foundation/darwin
  sp_scanner:
    :path: Flutter/ephemeral/.symlinks/plugins/sp_scanner/macos
  torch_dart:
    :path: Flutter/ephemeral/.symlinks/plugins/torch_dart/macos
  universal_ble:
    :path: Flutter/ephemeral/.symlinks/plugins/universal_ble/darwin
  url_launcher_macos:
    :path: Flutter/ephemeral/.symlinks/plugins/url_launcher_macos/macos
  wakelock_plus:
    :path: Flutter/ephemeral/.symlinks/plugins/wakelock_plus/macos

SPEC CHECKSUMS:
  connectivity_plus: 4adf20a405e25b42b9c9f87feff8f4b6fde18a4e
  cw_mweb: 4746a3b5cc5bd4afe6fadd2481c4f7b239e391d0
  device_info_plus: b0fafc687fb901e2af612763340f1b0d4352f8e5
  devicelocale: 456a07c045d3113938aa4983065bd8526e2af792
  dnssec_proof: d461cac7bd3301eb7447f87936745a0c1ae0a67e
  fast_scanner: a4ead8e56f185cd565e25250fdb97fa669ea1d2e
  file_selector_macos: 6280b52b459ae6c590af5d78fc35c7267a3c4b31
  flutter_inappwebview_macos: c2d68649f9f8f1831bfcd98d73fd6256366d9d1d
  flutter_local_authentication: 2f9a2682f498abcc12d7e9729b5007a947170fdc
  flutter_local_notifications: 4bf37a31afde695b56091b4ae3e4d9c7a7e6cda0
  flutter_secure_storage_macos: 3dacac420d84c4d0dc5e868194ee43c8664ec797
  FlutterMacOS: 8f6f14fa908a6fb3fba0cd85dbd81ec4b251fb24
  in_app_review: 0599bccaed5e02f6bed2b0d30d16f86b63ed8638
  OrderedSet: e539b66b644ff081c73a262d24ad552a69be3a94
  package_info_plus: f0052d280d17aa382b932f399edf32507174e870
  path_provider_foundation: 080d55be775b7414fd5a5ef3ac137b97b097e564
  share_plus: 510bf0af1a42cd602274b4629920c9649c52f4cc
  shared_preferences_foundation: 9e1978ff2562383bd5676f64ec4e9aa8fa06a6f7
  sp_scanner: d9316427b628dd86d6e9e3c5d42ed6b4b410157c
  torch_dart: 7e4f682c34ee0d967a35977102590094a7510c90
  universal_ble: ff19787898040d721109c6324472e5dd4bc86adc
  url_launcher_macos: 0fba8ddabfc33ce0a9afe7c5fef5aab3d8d2d673
  wakelock_plus: 21ddc249ac4b8d018838dbdabd65c5976c308497

PODFILE CHECKSUM: 65ec1541137fb5b35d00490dec1bb48d4d9586bb

COCOAPODS: 1.16.2
