PODS:
  - connectivity_plus_macos (0.0.1):
    - FlutterMacOS
    - ReachabilitySwift
  - cw_decred (0.0.1):
    - FlutterMacOS
  - cw_monero (0.0.1):
    - cw_monero/Boost (= 0.0.1)
    - cw_monero/Monero (= 0.0.1)
    - cw_monero/OpenSSL (= 0.0.1)
    - cw_monero/Sodium (= 0.0.1)
    - cw_monero/Unbound (= 0.0.1)
    - FlutterMacOS
  - cw_monero/Boost (0.0.1):
    - FlutterMacOS
  - cw_monero/Monero (0.0.1):
    - FlutterMacOS
  - cw_monero/OpenSSL (0.0.1):
    - FlutterMacOS
  - cw_monero/Sodium (0.0.1):
    - FlutterMacOS
  - cw_monero/Unbound (0.0.1):
    - FlutterMacOS
  - device_info_plus (0.0.1):
    - FlutterMacOS
  - devicelocale (0.0.1):
    - FlutterMacOS
  - flutter_secure_storage_macos (6.1.1):
    - FlutterMacOS
  - FlutterMacOS (1.0.0)
  - in_app_review (0.2.0):
    - FlutterMacOS
  - package_info (0.0.1):
    - FlutterMacOS
  - package_info_plus (0.0.1):
    - FlutterMacOS
  - path_provider_foundation (0.0.1):
    - Flutter
    - FlutterMacOS
  - ReachabilitySwift (5.0.0)
  - share_plus_macos (0.0.1):
    - FlutterMacOS
  - shared_preferences_foundation (0.0.1):
    - Flutter
    - FlutterMacOS
  - tor (0.0.1)
  - url_launcher_macos (0.0.1):
    - FlutterMacOS
  - wakelock_plus (0.0.1):
    - FlutterMacOS

DEPENDENCIES:
  - connectivity_plus_macos (from `Flutter/ephemeral/.symlinks/plugins/connectivity_plus_macos/macos`)
  - cw_decred (from `Flutter/ephemeral/.symlinks/plugins/cw_decred/macos`)
  - cw_monero (from `Flutter/ephemeral/.symlinks/plugins/cw_monero/macos`)
  - device_info_plus (from `Flutter/ephemeral/.symlinks/plugins/device_info_plus/macos`)
  - devicelocale (from `Flutter/ephemeral/.symlinks/plugins/devicelocale/macos`)
  - flutter_secure_storage_macos (from `Flutter/ephemeral/.symlinks/plugins/flutter_secure_storage_macos/macos`)
  - FlutterMacOS (from `Flutter/ephemeral`)
  - in_app_review (from `Flutter/ephemeral/.symlinks/plugins/in_app_review/macos`)
  - package_info (from `Flutter/ephemeral/.symlinks/plugins/package_info/macos`)
  - package_info_plus (from `Flutter/ephemeral/.symlinks/plugins/package_info_plus/macos`)
  - path_provider_foundation (from `Flutter/ephemeral/.symlinks/plugins/path_provider_foundation/darwin`)
  - share_plus_macos (from `Flutter/ephemeral/.symlinks/plugins/share_plus_macos/macos`)
  - shared_preferences_foundation (from `Flutter/ephemeral/.symlinks/plugins/shared_preferences_foundation/darwin`)
  - tor (from `Flutter/ephemeral/.symlinks/plugins/tor/macos`)
  - url_launcher_macos (from `Flutter/ephemeral/.symlinks/plugins/url_launcher_macos/macos`)
  - wakelock_plus (from `Flutter/ephemeral/.symlinks/plugins/wakelock_plus/macos`)

SPEC REPOS:
  trunk:
    - ReachabilitySwift

EXTERNAL SOURCES:
  connectivity_plus_macos:
    :path: Flutter/ephemeral/.symlinks/plugins/connectivity_plus_macos/macos
  cw_decred:
    :path: Flutter/ephemeral/.symlinks/plugins/cw_decred/macos
  cw_monero:
    :path: Flutter/ephemeral/.symlinks/plugins/cw_monero/macos
  device_info_plus:
    :path: Flutter/ephemeral/.symlinks/plugins/device_info_plus/macos
  devicelocale:
    :path: Flutter/ephemeral/.symlinks/plugins/devicelocale/macos
  flutter_secure_storage_macos:
    :path: Flutter/ephemeral/.symlinks/plugins/flutter_secure_storage_macos/macos
  FlutterMacOS:
    :path: Flutter/ephemeral
  in_app_review:
    :path: Flutter/ephemeral/.symlinks/plugins/in_app_review/macos
  package_info:
    :path: Flutter/ephemeral/.symlinks/plugins/package_info/macos
  package_info_plus:
    :path: Flutter/ephemeral/.symlinks/plugins/package_info_plus/macos
  path_provider_foundation:
    :path: Flutter/ephemeral/.symlinks/plugins/path_provider_foundation/darwin
  share_plus_macos:
    :path: Flutter/ephemeral/.symlinks/plugins/share_plus_macos/macos
  shared_preferences_foundation:
    :path: Flutter/ephemeral/.symlinks/plugins/shared_preferences_foundation/darwin
  tor:
    :path: Flutter/ephemeral/.symlinks/plugins/tor/macos
  url_launcher_macos:
    :path: Flutter/ephemeral/.symlinks/plugins/url_launcher_macos/macos
  wakelock_plus:
    :path: Flutter/ephemeral/.symlinks/plugins/wakelock_plus/macos

SPEC CHECKSUMS:
  connectivity_plus_macos: f6e86fd000e971d361e54b5afcadc8c8fa773308
  cw_decred: 0c93fbeb31bd97a6ad4ec5680960af0943bfca78
  cw_monero: f8b7f104508efba2591548e76b5c058d05cba3f0
  device_info_plus: 5401765fde0b8d062a2f8eb65510fb17e77cf07f
  devicelocale: 9f0f36ac651cabae2c33f32dcff4f32b61c38225
  flutter_secure_storage_macos: d56e2d218c1130b262bef8b4a7d64f88d7f9c9ea
  FlutterMacOS: 8f6f14fa908a6fb3fba0cd85dbd81ec4b251fb24
  in_app_review: a850789fad746e89bce03d4aeee8078b45a53fd0
  package_info: 6eba2fd8d3371dda2d85c8db6fe97488f24b74b2
  package_info_plus: 02d7a575e80f194102bef286361c6c326e4c29ce
  path_provider_foundation: 29f094ae23ebbca9d3d0cec13889cd9060c0e943
  ReachabilitySwift: 985039c6f7b23a1da463388634119492ff86c825
  share_plus_macos: 853ee48e7dce06b633998ca0735d482dd671ade4
  shared_preferences_foundation: 5b919d13b803cadd15ed2dc053125c68730e5126
  tor: 2138c48428e696b83eacdda404de6d5574932e26
  url_launcher_macos: d2691c7dd33ed713bf3544850a623080ec693d95
  wakelock_plus: 4783562c9a43d209c458cb9b30692134af456269

PODFILE CHECKSUM: 5107934592df7813b33d744aebc8ddc6b5a5445f

COCOAPODS: 1.12.1
