PODS:
  - barcode_scan2 (0.0.1):
    - Flutter
    - MTBBarcodeScanner
    - SwiftProtobuf
  - BigInt (5.2.0)
  - connectivity_plus (0.0.1):
    - Flutter
    - ReachabilitySwift
  - CryptoSwift (1.7.1)
  - cw_decred (0.0.1):
  - cw_haven (0.0.1):
    - cw_haven/Boost (= 0.0.1)
    - cw_haven/Haven (= 0.0.1)
    - cw_haven/OpenSSL (= 0.0.1)
    - cw_haven/Sodium (= 0.0.1)
    - cw_shared_external
    - Flutter
  - cw_haven/Boost (0.0.1):
    - cw_shared_external
    - Flutter
  - cw_haven/Haven (0.0.1):
    - cw_shared_external
    - Flutter
  - cw_haven/OpenSSL (0.0.1):
    - cw_shared_external
    - Flutter
  - cw_haven/Sodium (0.0.1):
    - cw_shared_external
    - Flutter
  - cw_monero (0.0.2):
    - cw_monero/Boost (= 0.0.2)
    - cw_monero/Monero (= 0.0.2)
    - cw_monero/OpenSSL (= 0.0.2)
    - cw_monero/Sodium (= 0.0.2)
    - cw_monero/Unbound (= 0.0.2)
    - cw_shared_external
    - Flutter
  - cw_monero/Boost (0.0.2):
    - cw_shared_external
    - Flutter
  - cw_monero/Monero (0.0.2):
    - cw_shared_external
    - Flutter
  - cw_monero/OpenSSL (0.0.2):
    - cw_shared_external
    - Flutter
  - cw_monero/Sodium (0.0.2):
    - cw_shared_external
    - Flutter
  - cw_monero/Unbound (0.0.2):
    - cw_shared_external
    - Flutter
  - cw_shared_external (0.0.1):
    - cw_shared_external/Boost (= 0.0.1)
    - cw_shared_external/OpenSSL (= 0.0.1)
    - cw_shared_external/Sodium (= 0.0.1)
    - Flutter
  - cw_shared_external/Boost (0.0.1):
    - Flutter
  - cw_shared_external/OpenSSL (0.0.1):
    - Flutter
  - cw_shared_external/Sodium (0.0.1):
    - Flutter
  - device_display_brightness (0.0.1):
    - Flutter
  - device_info_plus (0.0.1):
    - Flutter
  - devicelocale (0.0.1):
    - Flutter
  - DKImagePickerController/Core (4.3.4):
    - DKImagePickerController/ImageDataManager
    - DKImagePickerController/Resource
  - DKImagePickerController/ImageDataManager (4.3.4)
  - DKImagePickerController/PhotoGallery (4.3.4):
    - DKImagePickerController/Core
    - DKPhotoGallery
  - DKImagePickerController/Resource (4.3.4)
  - DKPhotoGallery (0.0.17):
    - DKPhotoGallery/Core (= 0.0.17)
    - DKPhotoGallery/Model (= 0.0.17)
    - DKPhotoGallery/Preview (= 0.0.17)
    - DKPhotoGallery/Resource (= 0.0.17)
    - SDWebImage
    - SwiftyGif
  - DKPhotoGallery/Core (0.0.17):
    - DKPhotoGallery/Model
    - DKPhotoGallery/Preview
    - SDWebImage
    - SwiftyGif
  - DKPhotoGallery/Model (0.0.17):
    - SDWebImage
    - SwiftyGif
  - DKPhotoGallery/Preview (0.0.17):
    - DKPhotoGallery/Model
    - DKPhotoGallery/Resource
    - SDWebImage
    - SwiftyGif
  - DKPhotoGallery/Resource (0.0.17):
    - SDWebImage
    - SwiftyGif
  - file_picker (0.0.1):
    - DKImagePickerController/PhotoGallery
    - Flutter
  - Flutter (1.0.0)
  - flutter_inappwebview (0.0.1):
    - Flutter
    - flutter_inappwebview/Core (= 0.0.1)
    - OrderedSet (~> 5.0)
  - flutter_inappwebview/Core (0.0.1):
    - Flutter
    - OrderedSet (~> 5.0)
  - flutter_mailer (0.0.1):
    - Flutter
  - flutter_secure_storage (6.0.0):
    - Flutter
  - fluttertoast (0.0.2):
    - Flutter
    - Toast
  - in_app_review (0.2.0):
    - Flutter
  - local_auth_ios (0.0.1):
    - Flutter
  - MTBBarcodeScanner (5.0.11)
  - OrderedSet (5.0.0)
  - package_info (0.0.1):
    - Flutter
  - package_info_plus (0.4.5):
    - Flutter
  - path_provider_foundation (0.0.1):
    - Flutter
    - FlutterMacOS
  - permission_handler_apple (9.1.1):
    - Flutter
  - ReachabilitySwift (5.0.0)
  - SDWebImage (5.16.0):
    - SDWebImage/Core (= 5.16.0)
  - SDWebImage/Core (5.16.0)
  - sensitive_clipboard (0.0.1):
    - Flutter
  - share_plus (0.0.1):
    - Flutter
  - shared_preferences_foundation (0.0.1):
    - Flutter
    - FlutterMacOS
  - SwiftProtobuf (1.22.0)
  - SwiftyGif (5.4.4)
  - Toast (4.0.0)
  - uni_links (0.0.1):
    - Flutter
  - UnstoppableDomainsResolution (4.0.0):
    - BigInt
    - CryptoSwift
  - url_launcher_ios (0.0.1):
    - Flutter
  - wakelock_plus (0.0.1):
    - Flutter
  - workmanager (0.0.1):
    - Flutter

DEPENDENCIES:
  - barcode_scan2 (from `.symlinks/plugins/barcode_scan2/ios`)
  - connectivity_plus (from `.symlinks/plugins/connectivity_plus/ios`)
  - CryptoSwift
  - cw_decred (from `.symlinks/plugins/cw_decred/ios`)
  - cw_haven (from `.symlinks/plugins/cw_haven/ios`)
  - cw_monero (from `.symlinks/plugins/cw_monero/ios`)
  - cw_shared_external (from `.symlinks/plugins/cw_shared_external/ios`)
  - device_display_brightness (from `.symlinks/plugins/device_display_brightness/ios`)
  - device_info_plus (from `.symlinks/plugins/device_info_plus/ios`)
  - devicelocale (from `.symlinks/plugins/devicelocale/ios`)
  - file_picker (from `.symlinks/plugins/file_picker/ios`)
  - Flutter (from `Flutter`)
  - flutter_inappwebview (from `.symlinks/plugins/flutter_inappwebview/ios`)
  - flutter_mailer (from `.symlinks/plugins/flutter_mailer/ios`)
  - flutter_secure_storage (from `.symlinks/plugins/flutter_secure_storage/ios`)
  - fluttertoast (from `.symlinks/plugins/fluttertoast/ios`)
  - in_app_review (from `.symlinks/plugins/in_app_review/ios`)
  - local_auth_ios (from `.symlinks/plugins/local_auth_ios/ios`)
  - package_info (from `.symlinks/plugins/package_info/ios`)
  - package_info_plus (from `.symlinks/plugins/package_info_plus/ios`)
  - path_provider_foundation (from `.symlinks/plugins/path_provider_foundation/darwin`)
  - permission_handler_apple (from `.symlinks/plugins/permission_handler_apple/ios`)
  - sensitive_clipboard (from `.symlinks/plugins/sensitive_clipboard/ios`)
  - share_plus (from `.symlinks/plugins/share_plus/ios`)
  - shared_preferences_foundation (from `.symlinks/plugins/shared_preferences_foundation/darwin`)
  - uni_links (from `.symlinks/plugins/uni_links/ios`)
  - UnstoppableDomainsResolution (~> 4.0.0)
  - url_launcher_ios (from `.symlinks/plugins/url_launcher_ios/ios`)
  - wakelock_plus (from `.symlinks/plugins/wakelock_plus/ios`)
  - workmanager (from `.symlinks/plugins/workmanager/ios`)

SPEC REPOS:
  https://github.com/CocoaPods/Specs.git:
    - BigInt
    - CryptoSwift
    - DKImagePickerController
    - DKPhotoGallery
    - MTBBarcodeScanner
    - OrderedSet
    - ReachabilitySwift
    - SDWebImage
    - SwiftProtobuf
    - SwiftyGif
    - Toast
    - UnstoppableDomainsResolution

EXTERNAL SOURCES:
  barcode_scan2:
    :path: ".symlinks/plugins/barcode_scan2/ios"
  connectivity_plus:
    :path: ".symlinks/plugins/connectivity_plus/ios"
  cw_decred:
    :path: ".symlinks/plugins/cw_decred/ios"
  cw_haven:
    :path: ".symlinks/plugins/cw_haven/ios"
  cw_monero:
    :path: ".symlinks/plugins/cw_monero/ios"
  cw_shared_external:
    :path: ".symlinks/plugins/cw_shared_external/ios"
  device_display_brightness:
    :path: ".symlinks/plugins/device_display_brightness/ios"
  device_info_plus:
    :path: ".symlinks/plugins/device_info_plus/ios"
  devicelocale:
    :path: ".symlinks/plugins/devicelocale/ios"
  file_picker:
    :path: ".symlinks/plugins/file_picker/ios"
  Flutter:
    :path: Flutter
  flutter_inappwebview:
    :path: ".symlinks/plugins/flutter_inappwebview/ios"
  flutter_mailer:
    :path: ".symlinks/plugins/flutter_mailer/ios"
  flutter_secure_storage:
    :path: ".symlinks/plugins/flutter_secure_storage/ios"
  fluttertoast:
    :path: ".symlinks/plugins/fluttertoast/ios"
  in_app_review:
    :path: ".symlinks/plugins/in_app_review/ios"
  local_auth_ios:
    :path: ".symlinks/plugins/local_auth_ios/ios"
  package_info:
    :path: ".symlinks/plugins/package_info/ios"
  package_info_plus:
    :path: ".symlinks/plugins/package_info_plus/ios"
  path_provider_foundation:
    :path: ".symlinks/plugins/path_provider_foundation/darwin"
  permission_handler_apple:
    :path: ".symlinks/plugins/permission_handler_apple/ios"
  sensitive_clipboard:
    :path: ".symlinks/plugins/sensitive_clipboard/ios"
  share_plus:
    :path: ".symlinks/plugins/share_plus/ios"
  shared_preferences_foundation:
    :path: ".symlinks/plugins/shared_preferences_foundation/darwin"
  uni_links:
    :path: ".symlinks/plugins/uni_links/ios"
  url_launcher_ios:
    :path: ".symlinks/plugins/url_launcher_ios/ios"
  wakelock_plus:
    :path: ".symlinks/plugins/wakelock_plus/ios"
  workmanager:
    :path: ".symlinks/plugins/workmanager/ios"

SPEC CHECKSUMS:
  barcode_scan2: 0af2bb63c81b4565aab6cd78278e4c0fa136dbb0
  BigInt: f668a80089607f521586bbe29513d708491ef2f7
  connectivity_plus: 413a8857dd5d9f1c399a39130850d02fe0feaf7e
  CryptoSwift: d3d18dc357932f7e6d580689e065cf1f176007c1
  cw_decred: 9c0e1df74745b51a1289ec5e91fb9e24b68fa14a
  cw_haven: b3e54e1fbe7b8e6fda57a93206bc38f8e89b898a
  cw_monero: 4cf3b96f2da8e95e2ef7d6703dd4d2c509127b7d
  cw_shared_external: 2972d872b8917603478117c9957dfca611845a92
  device_display_brightness: 1510e72c567a1f6ce6ffe393dcd9afd1426034f7
  device_info_plus: c6fb39579d0f423935b0c9ce7ee2f44b71b9fce6
  devicelocale: b22617f40038496deffba44747101255cee005b0
  DKImagePickerController: b512c28220a2b8ac7419f21c491fc8534b7601ac
  DKPhotoGallery: fdfad5125a9fdda9cc57df834d49df790dbb4179
  file_picker: 15fd9539e4eb735dc54bae8c0534a7a9511a03de
  Flutter: f04841e97a9d0b0a8025694d0796dd46242b2854
  flutter_inappwebview: 3d32228f1304635e7c028b0d4252937730bbc6cf
  flutter_mailer: 2ef5a67087bc8c6c4cefd04a178bf1ae2c94cd83
  flutter_secure_storage: 23fc622d89d073675f2eaa109381aefbcf5a49be
  fluttertoast: eb263d302cc92e04176c053d2385237e9f43fad0
  in_app_review: 318597b3a06c22bb46dc454d56828c85f444f99d
  local_auth_ios: c6cf091ded637a88f24f86a8875d8b0f526e2605
  MTBBarcodeScanner: f453b33c4b7dfe545d8c6484ed744d55671788cb
  OrderedSet: aaeb196f7fef5a9edf55d89760da9176ad40b93c
  package_info: 873975fc26034f0b863a300ad47e7f1ac6c7ec62
  package_info_plus: 115f4ad11e0698c8c1c5d8a689390df880f47e85
  path_provider_foundation: 29f094ae23ebbca9d3d0cec13889cd9060c0e943
  permission_handler_apple: e76247795d700c14ea09e3a2d8855d41ee80a2e6
  ReachabilitySwift: 985039c6f7b23a1da463388634119492ff86c825
  SDWebImage: 2aea163b50bfcb569a2726b6a754c54a4506fcf6
  sensitive_clipboard: d4866e5d176581536c27bb1618642ee83adca986
  share_plus: 056a1e8ac890df3e33cb503afffaf1e9b4fbae68
  shared_preferences_foundation: 5b919d13b803cadd15ed2dc053125c68730e5126
  SwiftProtobuf: 40bd808372cb8706108f22d28f8ab4a6b9bc6989
  SwiftyGif: 93a1cc87bf3a51916001cf8f3d63835fb64c819f
  Toast: 91b396c56ee72a5790816f40d3a94dd357abc196
  uni_links: d97da20c7701486ba192624d99bffaaffcfc298a
  UnstoppableDomainsResolution: c3c67f4d0a5e2437cb00d4bd50c2e00d6e743841
  url_launcher_ios: bf5ce03e0e2088bad9cc378ea97fa0ed5b49673b
  wakelock_plus: 8b09852c8876491e4b6d179e17dfe2a0b5f60d47
  workmanager: 0afdcf5628bbde6924c21af7836fed07b42e30e6

PODFILE CHECKSUM: 09df1114e7c360f55770d35a79356bf5446e0100

COCOAPODS: 1.12.1
