PODS:
  - barcode_scan (0.0.1):
    - Flutter
    - MTBBarcodeScanner
    - SwiftProtobuf
  - BigInt (5.2.0)
  - connectivity (0.0.1):
    - Flutter
    - Reachability
  - CryptoSwift (1.3.2)
  - cw_monero (0.0.2):
    - cw_monero/Boost (= 0.0.2)
    - cw_monero/lmdb (= 0.0.2)
    - cw_monero/Monero (= 0.0.2)
    - cw_monero/OpenSSL (= 0.0.2)
    - cw_monero/Sodium (= 0.0.2)
    - Flutter
  - cw_monero/Boost (0.0.2):
    - Flutter
  - cw_monero/lmdb (0.0.2):
    - Flutter
  - cw_monero/Monero (0.0.2):
    - Flutter
  - cw_monero/OpenSSL (0.0.2):
    - Flutter
  - cw_monero/Sodium (0.0.2):
    - Flutter
  - devicelocale (0.0.1):
    - Flutter
  - DKImagePickerController/Core (4.3.2):
    - DKImagePickerController/ImageDataManager
    - DKImagePickerController/Resource
  - DKImagePickerController/ImageDataManager (4.3.2)
  - DKImagePickerController/PhotoGallery (4.3.2):
    - DKImagePickerController/Core
    - DKPhotoGallery
  - DKImagePickerController/Resource (4.3.2)
  - DKPhotoGallery (0.0.17):
    - DKPhotoGallery/Core (= 0.0.17)
    - DKPhotoGallery/Model (= 0.0.17)
    - DKPhotoGallery/Preview (= 0.0.17)
    - DKPhotoGallery/Resource (= 0.0.17)
    - SDWebImage
    - SwiftyGif
  - DKPhotoGallery/Core (0.0.17):
    - DKPhotoGallery/Model
    - DKPhotoGallery/Preview
    - SDWebImage
    - SwiftyGif
  - DKPhotoGallery/Model (0.0.17):
    - SDWebImage
    - SwiftyGif
  - DKPhotoGallery/Preview (0.0.17):
    - DKPhotoGallery/Model
    - DKPhotoGallery/Resource
    - SDWebImage
    - SwiftyGif
  - DKPhotoGallery/Resource (0.0.17):
    - SDWebImage
    - SwiftyGif
  - esys_flutter_share (0.0.1):
    - Flutter
  - file_picker (0.0.1):
    - DKImagePickerController/PhotoGallery
    - Flutter
  - Flutter (1.0.0)
  - flutter_secure_storage (3.3.1):
    - Flutter
  - local_auth (0.0.1):
    - Flutter
  - MTBBarcodeScanner (5.0.11)
  - package_info (0.0.1):
    - Flutter
  - path_provider (0.0.1):
    - Flutter
  - "permission_handler (5.1.0+2)":
    - Flutter
  - Reachability (3.2)
  - SDWebImage (5.9.1):
    - SDWebImage/Core (= 5.9.1)
  - SDWebImage/Core (5.9.1)
  - share (0.0.1):
    - Flutter
  - shared_preferences (0.0.1):
    - Flutter
  - SwiftProtobuf (1.12.0)
  - SwiftyGif (5.3.0)
  - UnstoppableDomainsResolution (2.0.1):
    - BigInt
    - CryptoSwift
  - url_launcher (0.0.1):
    - Flutter
  - webview_flutter (0.0.1):
    - Flutter

DEPENDENCIES:
  - barcode_scan (from `.symlinks/plugins/barcode_scan/ios`)
  - connectivity (from `.symlinks/plugins/connectivity/ios`)
  - CryptoSwift
  - cw_monero (from `.symlinks/plugins/cw_monero/ios`)
  - devicelocale (from `.symlinks/plugins/devicelocale/ios`)
  - esys_flutter_share (from `.symlinks/plugins/esys_flutter_share/ios`)
  - file_picker (from `.symlinks/plugins/file_picker/ios`)
  - Flutter (from `Flutter`)
  - flutter_secure_storage (from `.symlinks/plugins/flutter_secure_storage/ios`)
  - local_auth (from `.symlinks/plugins/local_auth/ios`)
  - package_info (from `.symlinks/plugins/package_info/ios`)
  - path_provider (from `.symlinks/plugins/path_provider/ios`)
  - permission_handler (from `.symlinks/plugins/permission_handler/ios`)
  - share (from `.symlinks/plugins/share/ios`)
  - shared_preferences (from `.symlinks/plugins/shared_preferences/ios`)
  - UnstoppableDomainsResolution (~> 2.0.1)
  - url_launcher (from `.symlinks/plugins/url_launcher/ios`)
  - webview_flutter (from `.symlinks/plugins/webview_flutter/ios`)

SPEC REPOS:
  https://github.com/CocoaPods/Specs.git:
    - BigInt
    - CryptoSwift
    - DKImagePickerController
    - DKPhotoGallery
    - MTBBarcodeScanner
    - Reachability
    - SDWebImage
    - SwiftProtobuf
    - SwiftyGif
    - UnstoppableDomainsResolution

EXTERNAL SOURCES:
  barcode_scan:
    :path: ".symlinks/plugins/barcode_scan/ios"
  connectivity:
    :path: ".symlinks/plugins/connectivity/ios"
  cw_monero:
    :path: ".symlinks/plugins/cw_monero/ios"
  devicelocale:
    :path: ".symlinks/plugins/devicelocale/ios"
  esys_flutter_share:
    :path: ".symlinks/plugins/esys_flutter_share/ios"
  file_picker:
    :path: ".symlinks/plugins/file_picker/ios"
  Flutter:
    :path: Flutter
  flutter_secure_storage:
    :path: ".symlinks/plugins/flutter_secure_storage/ios"
  local_auth:
    :path: ".symlinks/plugins/local_auth/ios"
  package_info:
    :path: ".symlinks/plugins/package_info/ios"
  path_provider:
    :path: ".symlinks/plugins/path_provider/ios"
  permission_handler:
    :path: ".symlinks/plugins/permission_handler/ios"
  share:
    :path: ".symlinks/plugins/share/ios"
  shared_preferences:
    :path: ".symlinks/plugins/shared_preferences/ios"
  url_launcher:
    :path: ".symlinks/plugins/url_launcher/ios"
  webview_flutter:
    :path: ".symlinks/plugins/webview_flutter/ios"

SPEC CHECKSUMS:
  barcode_scan: a5c27959edfafaa0c771905bad0b29d6d39e4479
  BigInt: f668a80089607f521586bbe29513d708491ef2f7
  connectivity: c4130b2985d4ef6fd26f9702e886bd5260681467
  CryptoSwift: 093499be1a94b0cae36e6c26b70870668cb56060
  cw_monero: 78f369253cc913efc23db9cf6be81a11eaf40fe1
  devicelocale: b22617f40038496deffba44747101255cee005b0
  DKImagePickerController: b5eb7f7a388e4643264105d648d01f727110fc3d
  DKPhotoGallery: fdfad5125a9fdda9cc57df834d49df790dbb4179
  esys_flutter_share: 403498dab005b36ce1f8d7aff377e81f0621b0b4
  file_picker: 3e6c3790de664ccf9b882732d9db5eaf6b8d4eb1
  Flutter: 434fef37c0980e73bb6479ef766c45957d4b510c
  flutter_secure_storage: 7953c38a04c3fdbb00571bcd87d8e3b5ceb9daec
  local_auth: 25938960984c3a7f6e3253e3f8d962fdd16852bd
  MTBBarcodeScanner: f453b33c4b7dfe545d8c6484ed744d55671788cb
  package_info: 873975fc26034f0b863a300ad47e7f1ac6c7ec62
  path_provider: abfe2b5c733d04e238b0d8691db0cfd63a27a93c
  permission_handler: ccb20a9fad0ee9b1314a52b70b76b473c5f8dab0
  Reachability: 33e18b67625424e47b6cde6d202dce689ad7af96
  SDWebImage: a990c053fff71e388a10f3357edb0be17929c9c5
  share: 0b2c3e82132f5888bccca3351c504d0003b3b410
  shared_preferences: af6bfa751691cdc24be3045c43ec037377ada40d
  SwiftProtobuf: 4ef85479c18ca85b5482b343df9c319c62bda699
  SwiftyGif: e466e86c660d343357ab944a819a101c4127cb40
  UnstoppableDomainsResolution: 856ba43f08b31f3f34157c7257092bd0c6e31cf8
  url_launcher: 6fef411d543ceb26efce54b05a0a40bfd74cbbef
  webview_flutter: 9f491a9b5a66f2573946a389b2677987b0ff8c0b

PODFILE CHECKSUM: bc2591d23316907c9c90ca1cd2fce063fd866508

COCOAPODS: 1.10.2
